
Microsoft Visual Studio Solution File, Format Version 12.00
# Visual Studio 15
VisualStudioVersion = 15.0.27703.2026
MinimumVisualStudioVersion = 10.0.40219.1
Project("{FAE04EC0-301F-11D3-BF4B-00C04F79EFBC}") = "OfflineWikipedia", "OfflineWikipedia\OfflineWikipedia\OfflineWikipedia.csproj", "{AFBBAAB2-EE17-42E2-96B1-46AF73C0D1C6}"
EndProject
Project("{FAE04EC0-301F-11D3-BF4B-00C04F79EFBC}") = "OfflineWikipedia.Android", "OfflineWikipedia\OfflineWikipedia.Android\OfflineWikipedia.Android.csproj", "{0EB8F077-2200-442F-9D64-636C206B5F97}"
EndProject
Project("{FAE04EC0-301F-11D3-BF4B-00C04F79EFBC}") = "OfflineWikipedia.iOS", "OfflineWikipedia\OfflineWikipedia.iOS\OfflineWikipedia.iOS.csproj", "{586FD615-686E-468E-9CFB-553D9AE323BA}"
EndProject
Project("{FAE04EC0-301F-11D3-BF4B-00C04F79EFBC}") = "OfflineWikipedia.UWP", "OfflineWikipedia\OfflineWikipedia.UWP\OfflineWikipedia.UWP.csproj", "{A74F30E3-BC02-474F-B5D1-759A084EFA31}"
EndProject
Global
	GlobalSection(SolutionConfigurationPlatforms) = preSolution
		Ad-Hoc|Any CPU = Ad-Hoc|Any CPU
		Ad-Hoc|ARM = Ad-Hoc|ARM
		Ad-Hoc|iPhone = Ad-Hoc|iPhone
		Ad-Hoc|iPhoneSimulator = Ad-Hoc|iPhoneSimulator
		Ad-Hoc|x64 = Ad-Hoc|x64
		Ad-Hoc|x86 = Ad-Hoc|x86
		AppStore|Any CPU = AppStore|Any CPU
		AppStore|ARM = AppStore|ARM
		AppStore|iPhone = AppStore|iPhone
		AppStore|iPhoneSimulator = AppStore|iPhoneSimulator
		AppStore|x64 = AppStore|x64
		AppStore|x86 = AppStore|x86
		Debug|Any CPU = Debug|Any CPU
		Debug|ARM = Debug|ARM
		Debug|iPhone = Debug|iPhone
		Debug|iPhoneSimulator = Debug|iPhoneSimulator
		Debug|x64 = Debug|x64
		Debug|x86 = Debug|x86
		Release|Any CPU = Release|Any CPU
		Release|ARM = Release|ARM
		Release|iPhone = Release|iPhone
		Release|iPhoneSimulator = Release|iPhoneSimulator
		Release|x64 = Release|x64
		Release|x86 = Release|x86
	EndGlobalSection
	GlobalSection(ProjectConfigurationPlatforms) = postSolution
		{AFBBAAB2-EE17-42E2-96B1-46AF73C0D1C6}.Ad-Hoc|Any CPU.ActiveCfg = Debug|Any CPU
		{AFBBAAB2-EE17-42E2-96B1-46AF73C0D1C6}.Ad-Hoc|Any CPU.Build.0 = Debug|Any CPU
		{AFBBAAB2-EE17-42E2-96B1-46AF73C0D1C6}.Ad-Hoc|ARM.ActiveCfg = Debug|Any CPU
		{AFBBAAB2-EE17-42E2-96B1-46AF73C0D1C6}.Ad-Hoc|ARM.Build.0 = Debug|Any CPU
		{AFBBAAB2-EE17-42E2-96B1-46AF73C0D1C6}.Ad-Hoc|iPhone.ActiveCfg = Debug|Any CPU
		{AFBBAAB2-EE17-42E2-96B1-46AF73C0D1C6}.Ad-Hoc|iPhone.Build.0 = Debug|Any CPU
		{AFBBAAB2-EE17-42E2-96B1-46AF73C0D1C6}.Ad-Hoc|iPhoneSimulator.ActiveCfg = Debug|Any CPU
		{AFBBAAB2-EE17-42E2-96B1-46AF73C0D1C6}.Ad-Hoc|iPhoneSimulator.Build.0 = Debug|Any CPU
		{AFBBAAB2-EE17-42E2-96B1-46AF73C0D1C6}.Ad-Hoc|x64.ActiveCfg = Debug|Any CPU
		{AFBBAAB2-EE17-42E2-96B1-46AF73C0D1C6}.Ad-Hoc|x64.Build.0 = Debug|Any CPU
		{AFBBAAB2-EE17-42E2-96B1-46AF73C0D1C6}.Ad-Hoc|x86.ActiveCfg = Debug|Any CPU
		{AFBBAAB2-EE17-42E2-96B1-46AF73C0D1C6}.Ad-Hoc|x86.Build.0 = Debug|Any CPU
		{AFBBAAB2-EE17-42E2-96B1-46AF73C0D1C6}.AppStore|Any CPU.ActiveCfg = Debug|Any CPU
		{AFBBAAB2-EE17-42E2-96B1-46AF73C0D1C6}.AppStore|Any CPU.Build.0 = Debug|Any CPU
		{AFBBAAB2-EE17-42E2-96B1-46AF73C0D1C6}.AppStore|ARM.ActiveCfg = Debug|Any CPU
		{AFBBAAB2-EE17-42E2-96B1-46AF73C0D1C6}.AppStore|ARM.Build.0 = Debug|Any CPU
		{AFBBAAB2-EE17-42E2-96B1-46AF73C0D1C6}.AppStore|iPhone.ActiveCfg = Debug|Any CPU
		{AFBBAAB2-EE17-42E2-96B1-46AF73C0D1C6}.AppStore|iPhone.Build.0 = Debug|Any CPU
		{AFBBAAB2-EE17-42E2-96B1-46AF73C0D1C6}.AppStore|iPhoneSimulator.ActiveCfg = Debug|Any CPU
		{AFBBAAB2-EE17-42E2-96B1-46AF73C0D1C6}.AppStore|iPhoneSimulator.Build.0 = Debug|Any CPU
		{AFBBAAB2-EE17-42E2-96B1-46AF73C0D1C6}.AppStore|x64.ActiveCfg = Debug|Any CPU
		{AFBBAAB2-EE17-42E2-96B1-46AF73C0D1C6}.AppStore|x64.Build.0 = Debug|Any CPU
		{AFBBAAB2-EE17-42E2-96B1-46AF73C0D1C6}.AppStore|x86.ActiveCfg = Debug|Any CPU
		{AFBBAAB2-EE17-42E2-96B1-46AF73C0D1C6}.AppStore|x86.Build.0 = Debug|Any CPU
		{AFBBAAB2-EE17-42E2-96B1-46AF73C0D1C6}.Debug|Any CPU.ActiveCfg = Debug|Any CPU
		{AFBBAAB2-EE17-42E2-96B1-46AF73C0D1C6}.Debug|Any CPU.Build.0 = Debug|Any CPU
		{AFBBAAB2-EE17-42E2-96B1-46AF73C0D1C6}.Debug|ARM.ActiveCfg = Debug|Any CPU
		{AFBBAAB2-EE17-42E2-96B1-46AF73C0D1C6}.Debug|ARM.Build.0 = Debug|Any CPU
		{AFBBAAB2-EE17-42E2-96B1-46AF73C0D1C6}.Debug|iPhone.ActiveCfg = Debug|Any CPU
		{AFBBAAB2-EE17-42E2-96B1-46AF73C0D1C6}.Debug|iPhone.Build.0 = Debug|Any CPU
		{AFBBAAB2-EE17-42E2-96B1-46AF73C0D1C6}.Debug|iPhoneSimulator.ActiveCfg = Debug|Any CPU
		{AFBBAAB2-EE17-42E2-96B1-46AF73C0D1C6}.Debug|iPhoneSimulator.Build.0 = Debug|Any CPU
		{AFBBAAB2-EE17-42E2-96B1-46AF73C0D1C6}.Debug|x64.ActiveCfg = Debug|Any CPU
		{AFBBAAB2-EE17-42E2-96B1-46AF73C0D1C6}.Debug|x64.Build.0 = Debug|Any CPU
		{AFBBAAB2-EE17-42E2-96B1-46AF73C0D1C6}.Debug|x86.ActiveCfg = Debug|Any CPU
		{AFBBAAB2-EE17-42E2-96B1-46AF73C0D1C6}.Debug|x86.Build.0 = Debug|Any CPU
		{AFBBAAB2-EE17-42E2-96B1-46AF73C0D1C6}.Release|Any CPU.ActiveCfg = Release|Any CPU
		{AFBBAAB2-EE17-42E2-96B1-46AF73C0D1C6}.Release|Any CPU.Build.0 = Release|Any CPU
		{AFBBAAB2-EE17-42E2-96B1-46AF73C0D1C6}.Release|ARM.ActiveCfg = Release|Any CPU
		{AFBBAAB2-EE17-42E2-96B1-46AF73C0D1C6}.Release|ARM.Build.0 = Release|Any CPU
		{AFBBAAB2-EE17-42E2-96B1-46AF73C0D1C6}.Release|iPhone.ActiveCfg = Release|Any CPU
		{AFBBAAB2-EE17-42E2-96B1-46AF73C0D1C6}.Release|iPhone.Build.0 = Release|Any CPU
		{AFBBAAB2-EE17-42E2-96B1-46AF73C0D1C6}.Release|iPhoneSimulator.ActiveCfg = Release|Any CPU
		{AFBBAAB2-EE17-42E2-96B1-46AF73C0D1C6}.Release|iPhoneSimulator.Build.0 = Release|Any CPU
		{AFBBAAB2-EE17-42E2-96B1-46AF73C0D1C6}.Release|x64.ActiveCfg = Release|Any CPU
		{AFBBAAB2-EE17-42E2-96B1-46AF73C0D1C6}.Release|x64.Build.0 = Release|Any CPU
		{AFBBAAB2-EE17-42E2-96B1-46AF73C0D1C6}.Release|x86.ActiveCfg = Release|Any CPU
		{AFBBAAB2-EE17-42E2-96B1-46AF73C0D1C6}.Release|x86.Build.0 = Release|Any CPU
		{0EB8F077-2200-442F-9D64-636C206B5F97}.Ad-Hoc|Any CPU.ActiveCfg = Release|Any CPU
		{0EB8F077-2200-442F-9D64-636C206B5F97}.Ad-Hoc|Any CPU.Build.0 = Release|Any CPU
		{0EB8F077-2200-442F-9D64-636C206B5F97}.Ad-Hoc|Any CPU.Deploy.0 = Release|Any CPU
		{0EB8F077-2200-442F-9D64-636C206B5F97}.Ad-Hoc|ARM.ActiveCfg = Release|Any CPU
		{0EB8F077-2200-442F-9D64-636C206B5F97}.Ad-Hoc|ARM.Build.0 = Release|Any CPU
		{0EB8F077-2200-442F-9D64-636C206B5F97}.Ad-Hoc|ARM.Deploy.0 = Release|Any CPU
		{0EB8F077-2200-442F-9D64-636C206B5F97}.Ad-Hoc|iPhone.ActiveCfg = Release|Any CPU
		{0EB8F077-2200-442F-9D64-636C206B5F97}.Ad-Hoc|iPhone.Build.0 = Release|Any CPU
		{0EB8F077-2200-442F-9D64-636C206B5F97}.Ad-Hoc|iPhone.Deploy.0 = Release|Any CPU
		{0EB8F077-2200-442F-9D64-636C206B5F97}.Ad-Hoc|iPhoneSimulator.ActiveCfg = Release|Any CPU
		{0EB8F077-2200-442F-9D64-636C206B5F97}.Ad-Hoc|iPhoneSimulator.Build.0 = Release|Any CPU
		{0EB8F077-2200-442F-9D64-636C206B5F97}.Ad-Hoc|iPhoneSimulator.Deploy.0 = Release|Any CPU
		{0EB8F077-2200-442F-9D64-636C206B5F97}.Ad-Hoc|x64.ActiveCfg = Release|Any CPU
		{0EB8F077-2200-442F-9D64-636C206B5F97}.Ad-Hoc|x64.Build.0 = Release|Any CPU
		{0EB8F077-2200-442F-9D64-636C206B5F97}.Ad-Hoc|x64.Deploy.0 = Release|Any CPU
		{0EB8F077-2200-442F-9D64-636C206B5F97}.Ad-Hoc|x86.ActiveCfg = Release|Any CPU
		{0EB8F077-2200-442F-9D64-636C206B5F97}.Ad-Hoc|x86.Build.0 = Release|Any CPU
		{0EB8F077-2200-442F-9D64-636C206B5F97}.Ad-Hoc|x86.Deploy.0 = Release|Any CPU
		{0EB8F077-2200-442F-9D64-636C206B5F97}.AppStore|Any CPU.ActiveCfg = Release|Any CPU
		{0EB8F077-2200-442F-9D64-636C206B5F97}.AppStore|Any CPU.Build.0 = Release|Any CPU
		{0EB8F077-2200-442F-9D64-636C206B5F97}.AppStore|Any CPU.Deploy.0 = Release|Any CPU
		{0EB8F077-2200-442F-9D64-636C206B5F97}.AppStore|ARM.ActiveCfg = Release|Any CPU
		{0EB8F077-2200-442F-9D64-636C206B5F97}.AppStore|ARM.Build.0 = Release|Any CPU
		{0EB8F077-2200-442F-9D64-636C206B5F97}.AppStore|ARM.Deploy.0 = Release|Any CPU
		{0EB8F077-2200-442F-9D64-636C206B5F97}.AppStore|iPhone.ActiveCfg = Release|Any CPU
		{0EB8F077-2200-442F-9D64-636C206B5F97}.AppStore|iPhone.Build.0 = Release|Any CPU
		{0EB8F077-2200-442F-9D64-636C206B5F97}.AppStore|iPhone.Deploy.0 = Release|Any CPU
		{0EB8F077-2200-442F-9D64-636C206B5F97}.AppStore|iPhoneSimulator.ActiveCfg = Release|Any CPU
		{0EB8F077-2200-442F-9D64-636C206B5F97}.AppStore|iPhoneSimulator.Build.0 = Release|Any CPU
		{0EB8F077-2200-442F-9D64-636C206B5F97}.AppStore|iPhoneSimulator.Deploy.0 = Release|Any CPU
		{0EB8F077-2200-442F-9D64-636C206B5F97}.AppStore|x64.ActiveCfg = Release|Any CPU
		{0EB8F077-2200-442F-9D64-636C206B5F97}.AppStore|x64.Build.0 = Release|Any CPU
		{0EB8F077-2200-442F-9D64-636C206B5F97}.AppStore|x64.Deploy.0 = Release|Any CPU
		{0EB8F077-2200-442F-9D64-636C206B5F97}.AppStore|x86.ActiveCfg = Release|Any CPU
		{0EB8F077-2200-442F-9D64-636C206B5F97}.AppStore|x86.Build.0 = Release|Any CPU
		{0EB8F077-2200-442F-9D64-636C206B5F97}.AppStore|x86.Deploy.0 = Release|Any CPU
		{0EB8F077-2200-442F-9D64-636C206B5F97}.Debug|Any CPU.ActiveCfg = Debug|Any CPU
		{0EB8F077-2200-442F-9D64-636C206B5F97}.Debug|Any CPU.Build.0 = Debug|Any CPU
		{0EB8F077-2200-442F-9D64-636C206B5F97}.Debug|Any CPU.Deploy.0 = Debug|Any CPU
		{0EB8F077-2200-442F-9D64-636C206B5F97}.Debug|ARM.ActiveCfg = Debug|Any CPU
		{0EB8F077-2200-442F-9D64-636C206B5F97}.Debug|ARM.Build.0 = Debug|Any CPU
		{0EB8F077-2200-442F-9D64-636C206B5F97}.Debug|ARM.Deploy.0 = Debug|Any CPU
		{0EB8F077-2200-442F-9D64-636C206B5F97}.Debug|iPhone.ActiveCfg = Debug|Any CPU
		{0EB8F077-2200-442F-9D64-636C206B5F97}.Debug|iPhone.Build.0 = Debug|Any CPU
		{0EB8F077-2200-442F-9D64-636C206B5F97}.Debug|iPhone.Deploy.0 = Debug|Any CPU
		{0EB8F077-2200-442F-9D64-636C206B5F97}.Debug|iPhoneSimulator.ActiveCfg = Debug|Any CPU
		{0EB8F077-2200-442F-9D64-636C206B5F97}.Debug|iPhoneSimulator.Build.0 = Debug|Any CPU
		{0EB8F077-2200-442F-9D64-636C206B5F97}.Debug|iPhoneSimulator.Deploy.0 = Debug|Any CPU
		{0EB8F077-2200-442F-9D64-636C206B5F97}.Debug|x64.ActiveCfg = Debug|Any CPU
		{0EB8F077-2200-442F-9D64-636C206B5F97}.Debug|x64.Build.0 = Debug|Any CPU
		{0EB8F077-2200-442F-9D64-636C206B5F97}.Debug|x64.Deploy.0 = Debug|Any CPU
		{0EB8F077-2200-442F-9D64-636C206B5F97}.Debug|x86.ActiveCfg = Debug|Any CPU
		{0EB8F077-2200-442F-9D64-636C206B5F97}.Debug|x86.Build.0 = Debug|Any CPU
		{0EB8F077-2200-442F-9D64-636C206B5F97}.Debug|x86.Deploy.0 = Debug|Any CPU
		{0EB8F077-2200-442F-9D64-636C206B5F97}.Release|Any CPU.ActiveCfg = Release|Any CPU
		{0EB8F077-2200-442F-9D64-636C206B5F97}.Release|Any CPU.Build.0 = Release|Any CPU
		{0EB8F077-2200-442F-9D64-636C206B5F97}.Release|Any CPU.Deploy.0 = Release|Any CPU
		{0EB8F077-2200-442F-9D64-636C206B5F97}.Release|ARM.ActiveCfg = Release|Any CPU
		{0EB8F077-2200-442F-9D64-636C206B5F97}.Release|ARM.Build.0 = Release|Any CPU
		{0EB8F077-2200-442F-9D64-636C206B5F97}.Release|ARM.Deploy.0 = Release|Any CPU
		{0EB8F077-2200-442F-9D64-636C206B5F97}.Release|iPhone.ActiveCfg = Release|Any CPU
		{0EB8F077-2200-442F-9D64-636C206B5F97}.Release|iPhone.Build.0 = Release|Any CPU
		{0EB8F077-2200-442F-9D64-636C206B5F97}.Release|iPhone.Deploy.0 = Release|Any CPU
		{0EB8F077-2200-442F-9D64-636C206B5F97}.Release|iPhoneSimulator.ActiveCfg = Release|Any CPU
		{0EB8F077-2200-442F-9D64-636C206B5F97}.Release|iPhoneSimulator.Build.0 = Release|Any CPU
		{0EB8F077-2200-442F-9D64-636C206B5F97}.Release|iPhoneSimulator.Deploy.0 = Release|Any CPU
		{0EB8F077-2200-442F-9D64-636C206B5F97}.Release|x64.ActiveCfg = Release|Any CPU
		{0EB8F077-2200-442F-9D64-636C206B5F97}.Release|x64.Build.0 = Release|Any CPU
		{0EB8F077-2200-442F-9D64-636C206B5F97}.Release|x64.Deploy.0 = Release|Any CPU
		{0EB8F077-2200-442F-9D64-636C206B5F97}.Release|x86.ActiveCfg = Release|Any CPU
		{0EB8F077-2200-442F-9D64-636C206B5F97}.Release|x86.Build.0 = Release|Any CPU
		{0EB8F077-2200-442F-9D64-636C206B5F97}.Release|x86.Deploy.0 = Release|Any CPU
		{586FD615-686E-468E-9CFB-553D9AE323BA}.Ad-Hoc|Any CPU.ActiveCfg = Ad-Hoc|iPhone
		{586FD615-686E-468E-9CFB-553D9AE323BA}.Ad-Hoc|ARM.ActiveCfg = Ad-Hoc|iPhone
		{586FD615-686E-468E-9CFB-553D9AE323BA}.Ad-Hoc|iPhone.ActiveCfg = Ad-Hoc|iPhone
		{586FD615-686E-468E-9CFB-553D9AE323BA}.Ad-Hoc|iPhone.Build.0 = Ad-Hoc|iPhone
		{586FD615-686E-468E-9CFB-553D9AE323BA}.Ad-Hoc|iPhoneSimulator.ActiveCfg = Ad-Hoc|iPhoneSimulator
		{586FD615-686E-468E-9CFB-553D9AE323BA}.Ad-Hoc|iPhoneSimulator.Build.0 = Ad-Hoc|iPhoneSimulator
		{586FD615-686E-468E-9CFB-553D9AE323BA}.Ad-Hoc|x64.ActiveCfg = Ad-Hoc|iPhone
		{586FD615-686E-468E-9CFB-553D9AE323BA}.Ad-Hoc|x86.ActiveCfg = Ad-Hoc|iPhone
		{586FD615-686E-468E-9CFB-553D9AE323BA}.AppStore|Any CPU.ActiveCfg = AppStore|iPhone
		{586FD615-686E-468E-9CFB-553D9AE323BA}.AppStore|ARM.ActiveCfg = AppStore|iPhone
		{586FD615-686E-468E-9CFB-553D9AE323BA}.AppStore|iPhone.ActiveCfg = AppStore|iPhone
		{586FD615-686E-468E-9CFB-553D9AE323BA}.AppStore|iPhone.Build.0 = AppStore|iPhone
		{586FD615-686E-468E-9CFB-553D9AE323BA}.AppStore|iPhoneSimulator.ActiveCfg = AppStore|iPhoneSimulator
		{586FD615-686E-468E-9CFB-553D9AE323BA}.AppStore|iPhoneSimulator.Build.0 = AppStore|iPhoneSimulator
		{586FD615-686E-468E-9CFB-553D9AE323BA}.AppStore|x64.ActiveCfg = AppStore|iPhone
		{586FD615-686E-468E-9CFB-553D9AE323BA}.AppStore|x86.ActiveCfg = AppStore|iPhone
		{586FD615-686E-468E-9CFB-553D9AE323BA}.Debug|Any CPU.ActiveCfg = Debug|iPhone
		{586FD615-686E-468E-9CFB-553D9AE323BA}.Debug|ARM.ActiveCfg = Debug|iPhone
		{586FD615-686E-468E-9CFB-553D9AE323BA}.Debug|iPhone.ActiveCfg = Debug|iPhone
		{586FD615-686E-468E-9CFB-553D9AE323BA}.Debug|iPhone.Build.0 = Debug|iPhone
		{586FD615-686E-468E-9CFB-553D9AE323BA}.Debug|iPhoneSimulator.ActiveCfg = Debug|iPhoneSimulator
		{586FD615-686E-468E-9CFB-553D9AE323BA}.Debug|iPhoneSimulator.Build.0 = Debug|iPhoneSimulator
		{586FD615-686E-468E-9CFB-553D9AE323BA}.Debug|x64.ActiveCfg = Debug|iPhone
		{586FD615-686E-468E-9CFB-553D9AE323BA}.Debug|x86.ActiveCfg = Debug|iPhone
		{586FD615-686E-468E-9CFB-553D9AE323BA}.Release|Any CPU.ActiveCfg = Release|iPhone
		{586FD615-686E-468E-9CFB-553D9AE323BA}.Release|ARM.ActiveCfg = Release|iPhone
		{586FD615-686E-468E-9CFB-553D9AE323BA}.Release|iPhone.ActiveCfg = Release|iPhone
		{586FD615-686E-468E-9CFB-553D9AE323BA}.Release|iPhone.Build.0 = Release|iPhone
		{586FD615-686E-468E-9CFB-553D9AE323BA}.Release|iPhoneSimulator.ActiveCfg = Release|iPhoneSimulator
		{586FD615-686E-468E-9CFB-553D9AE323BA}.Release|iPhoneSimulator.Build.0 = Release|iPhoneSimulator
		{586FD615-686E-468E-9CFB-553D9AE323BA}.Release|x64.ActiveCfg = Release|iPhone
		{586FD615-686E-468E-9CFB-553D9AE323BA}.Release|x86.ActiveCfg = Release|iPhone
		{A74F30E3-BC02-474F-B5D1-759A084EFA31}.Ad-Hoc|Any CPU.ActiveCfg = Release|x86
		{A74F30E3-BC02-474F-B5D1-759A084EFA31}.Ad-Hoc|Any CPU.Build.0 = Release|x86
		{A74F30E3-BC02-474F-B5D1-759A084EFA31}.Ad-Hoc|Any CPU.Deploy.0 = Release|x86
		{A74F30E3-BC02-474F-B5D1-759A084EFA31}.Ad-Hoc|ARM.ActiveCfg = Release|ARM
		{A74F30E3-BC02-474F-B5D1-759A084EFA31}.Ad-Hoc|ARM.Build.0 = Release|ARM
		{A74F30E3-BC02-474F-B5D1-759A084EFA31}.Ad-Hoc|ARM.Deploy.0 = Release|ARM
		{A74F30E3-BC02-474F-B5D1-759A084EFA31}.Ad-Hoc|iPhone.ActiveCfg = Release|x86
		{A74F30E3-BC02-474F-B5D1-759A084EFA31}.Ad-Hoc|iPhone.Build.0 = Release|x86
		{A74F30E3-BC02-474F-B5D1-759A084EFA31}.Ad-Hoc|iPhone.Deploy.0 = Release|x86
		{A74F30E3-BC02-474F-B5D1-759A084EFA31}.Ad-Hoc|iPhoneSimulator.ActiveCfg = Release|x86
		{A74F30E3-BC02-474F-B5D1-759A084EFA31}.Ad-Hoc|iPhoneSimulator.Build.0 = Release|x86
		{A74F30E3-BC02-474F-B5D1-759A084EFA31}.Ad-Hoc|iPhoneSimulator.Deploy.0 = Release|x86
		{A74F30E3-BC02-474F-B5D1-759A084EFA31}.Ad-Hoc|x64.ActiveCfg = Release|x64
		{A74F30E3-BC02-474F-B5D1-759A084EFA31}.Ad-Hoc|x64.Build.0 = Release|x64
		{A74F30E3-BC02-474F-B5D1-759A084EFA31}.Ad-Hoc|x64.Deploy.0 = Release|x64
		{A74F30E3-BC02-474F-B5D1-759A084EFA31}.Ad-Hoc|x86.ActiveCfg = Release|x86
		{A74F30E3-BC02-474F-B5D1-759A084EFA31}.Ad-Hoc|x86.Build.0 = Release|x86
		{A74F30E3-BC02-474F-B5D1-759A084EFA31}.Ad-Hoc|x86.Deploy.0 = Release|x86
		{A74F30E3-BC02-474F-B5D1-759A084EFA31}.AppStore|Any CPU.ActiveCfg = Release|x86
		{A74F30E3-BC02-474F-B5D1-759A084EFA31}.AppStore|Any CPU.Build.0 = Release|x86
		{A74F30E3-BC02-474F-B5D1-759A084EFA31}.AppStore|Any CPU.Deploy.0 = Release|x86
		{A74F30E3-BC02-474F-B5D1-759A084EFA31}.AppStore|ARM.ActiveCfg = Release|ARM
		{A74F30E3-BC02-474F-B5D1-759A084EFA31}.AppStore|ARM.Build.0 = Release|ARM
		{A74F30E3-BC02-474F-B5D1-759A084EFA31}.AppStore|ARM.Deploy.0 = Release|ARM
		{A74F30E3-BC02-474F-B5D1-759A084EFA31}.AppStore|iPhone.ActiveCfg = Release|x86
		{A74F30E3-BC02-474F-B5D1-759A084EFA31}.AppStore|iPhone.Build.0 = Release|x86
		{A74F30E3-BC02-474F-B5D1-759A084EFA31}.AppStore|iPhone.Deploy.0 = Release|x86
		{A74F30E3-BC02-474F-B5D1-759A084EFA31}.AppStore|iPhoneSimulator.ActiveCfg = Release|x86
		{A74F30E3-BC02-474F-B5D1-759A084EFA31}.AppStore|iPhoneSimulator.Build.0 = Release|x86
		{A74F30E3-BC02-474F-B5D1-759A084EFA31}.AppStore|iPhoneSimulator.Deploy.0 = Release|x86
		{A74F30E3-BC02-474F-B5D1-759A084EFA31}.AppStore|x64.ActiveCfg = Release|x64
		{A74F30E3-BC02-474F-B5D1-759A084EFA31}.AppStore|x64.Build.0 = Release|x64
		{A74F30E3-BC02-474F-B5D1-759A084EFA31}.AppStore|x64.Deploy.0 = Release|x64
		{A74F30E3-BC02-474F-B5D1-759A084EFA31}.AppStore|x86.ActiveCfg = Release|x86
		{A74F30E3-BC02-474F-B5D1-759A084EFA31}.AppStore|x86.Build.0 = Release|x86
		{A74F30E3-BC02-474F-B5D1-759A084EFA31}.AppStore|x86.Deploy.0 = Release|x86
		{A74F30E3-BC02-474F-B5D1-759A084EFA31}.Debug|Any CPU.ActiveCfg = Debug|x86
		{A74F30E3-BC02-474F-B5D1-759A084EFA31}.Debug|ARM.ActiveCfg = Debug|ARM
		{A74F30E3-BC02-474F-B5D1-759A084EFA31}.Debug|ARM.Build.0 = Debug|ARM
		{A74F30E3-BC02-474F-B5D1-759A084EFA31}.Debug|ARM.Deploy.0 = Debug|ARM
		{A74F30E3-BC02-474F-B5D1-759A084EFA31}.Debug|iPhone.ActiveCfg = Debug|x86
		{A74F30E3-BC02-474F-B5D1-759A084EFA31}.Debug|iPhoneSimulator.ActiveCfg = Debug|x86
		{A74F30E3-BC02-474F-B5D1-759A084EFA31}.Debug|x64.ActiveCfg = Debug|x64
		{A74F30E3-BC02-474F-B5D1-759A084EFA31}.Debug|x64.Build.0 = Debug|x64
		{A74F30E3-BC02-474F-B5D1-759A084EFA31}.Debug|x64.Deploy.0 = Debug|x64
		{A74F30E3-BC02-474F-B5D1-759A084EFA31}.Debug|x86.ActiveCfg = Debug|x86
		{A74F30E3-BC02-474F-B5D1-759A084EFA31}.Debug|x86.Build.0 = Debug|x86
		{A74F30E3-BC02-474F-B5D1-759A084EFA31}.Debug|x86.Deploy.0 = Debug|x86
		{A74F30E3-BC02-474F-B5D1-759A084EFA31}.Release|Any CPU.ActiveCfg = Release|x86
		{A74F30E3-BC02-474F-B5D1-759A084EFA31}.Release|ARM.ActiveCfg = Release|ARM
		{A74F30E3-BC02-474F-B5D1-759A084EFA31}.Release|ARM.Build.0 = Release|ARM
		{A74F30E3-BC02-474F-B5D1-759A084EFA31}.Release|ARM.Deploy.0 = Release|ARM
		{A74F30E3-BC02-474F-B5D1-759A084EFA31}.Release|iPhone.ActiveCfg = Release|x86
		{A74F30E3-BC02-474F-B5D1-759A084EFA31}.Release|iPhoneSimulator.ActiveCfg = Release|x86
		{A74F30E3-BC02-474F-B5D1-759A084EFA31}.Release|x64.ActiveCfg = Release|x64
		{A74F30E3-BC02-474F-B5D1-759A084EFA31}.Release|x64.Build.0 = Release|x64
		{A74F30E3-BC02-474F-B5D1-759A084EFA31}.Release|x64.Deploy.0 = Release|x64
		{A74F30E3-BC02-474F-B5D1-759A084EFA31}.Release|x86.ActiveCfg = Release|x86
		{A74F30E3-BC02-474F-B5D1-759A084EFA31}.Release|x86.Build.0 = Release|x86
		{A74F30E3-BC02-474F-B5D1-759A084EFA31}.Release|x86.Deploy.0 = Release|x86
	EndGlobalSection
	GlobalSection(SolutionProperties) = preSolution
		HideSolutionNode = FALSE
	EndGlobalSection
	GlobalSection(ExtensibilityGlobals) = postSolution
		SolutionGuid = {4C4929A2-28FD-412A-A8C3-3A127862FE54}
	EndGlobalSection
EndGlobal
